
Microsoft Visual Studio Solution File, Format Version 12.00
# Visual Studio Version 16
VisualStudioVersion = 16.0.31105.61
MinimumVisualStudioVersion = 10.0.40219.1
Project("{FAE04EC0-301F-11D3-BF4B-00C04F79EFBC}") = "GraphTest", "GraphTest\GraphTest.csproj", "{3709489E-B7BC-4657-81D6-59CC34C8EC9D}"
EndProject
Global
	GlobalSection(SolutionConfigurationPlatforms) = preSolution
		Debug|Any CPU = Debug|Any CPU
		Release|Any CPU = Release|Any CPU
	EndGlobalSection
	GlobalSection(ProjectConfigurationPlatforms) = postSolution
		{3709489E-B7BC-4657-81D6-59CC34C8EC9D}.Debug|Any CPU.ActiveCfg = Debug|Any CPU
		{3709489E-B7BC-4657-81D6-59CC34C8EC9D}.Debug|Any CPU.Build.0 = Debug|Any CPU
		{3709489E-B7BC-4657-81D6-59CC34C8EC9D}.Release|Any CPU.ActiveCfg = Release|Any CPU
		{3709489E-B7BC-4657-81D6-59CC34C8EC9D}.Release|Any CPU.Build.0 = Release|Any CPU
	EndGlobalSection
	GlobalSection(SolutionProperties) = preSolution
		HideSolutionNode = FALSE
	EndGlobalSection
	GlobalSection(ExtensibilityGlobals) = postSolution
		SolutionGuid = {34E3BB54-6DDF-4838-B6C3-EA741E8175D5}
	EndGlobalSection
EndGlobal
